$begin 'ConnectionParameters'
	DesktopProcessID=17496
	DesktopProcessPath='C:\\Program Files\\AnsysEM\\AnsysEM19.5\\Win64\\ansysedt.exe'
	LaunchedByWB=false
	$begin 'DesktopStubBlock'
		$begin 'CommDetails'
			TransportType=1
			IPAddress='144.122.77.11'
			ListenPort='61873'
			IPAddressVector[1: '192.168.0.100']
		$end 'CommDetails'
		$begin 'Marshall'
			InstanceID=503
			ProcID=17496
			InterfaceID=1
			FactoryIntID='DesktopInterfaceForWBProxyStubFactory'
		$end 'Marshall'
	$end 'DesktopStubBlock'
	$begin 'DesktopBackgroundObjStubBlock'
		$begin 'CommDetails'
			TransportType=1
			IPAddress='144.122.77.11'
			ListenPort='61873'
			IPAddressVector[1: '192.168.0.100']
		$end 'CommDetails'
		$begin 'Marshall'
			InstanceID=505
			ProcID=17496
			InterfaceID=2
			FactoryIntID='DesktopInterfaceForWBProxyStubFactory'
		$end 'Marshall'
	$end 'DesktopBackgroundObjStubBlock'
$end 'ConnectionParameters'
