$begin 'ConnectionParameters'
	DesktopProcessID=48268
	DesktopProcessPath='C:\\Program Files\\AnsysEM\\AnsysEM19.5\\Win64\\ansysedt.exe'
	LaunchedByWB=false
	$begin 'DesktopStubBlock'
		$begin 'CommDetails'
			TransportType=1
			IPAddress='144.122.167.185'
			ListenPort='51621'
		$end 'CommDetails'
		$begin 'Marshall'
			InstanceID=503
			ProcID=48268
			InterfaceID=1
			FactoryIntID='DesktopInterfaceForWBProxyStubFactory'
		$end 'Marshall'
	$end 'DesktopStubBlock'
	$begin 'DesktopBackgroundObjStubBlock'
		$begin 'CommDetails'
			TransportType=1
			IPAddress='144.122.167.185'
			ListenPort='51621'
		$end 'CommDetails'
		$begin 'Marshall'
			InstanceID=505
			ProcID=48268
			InterfaceID=2
			FactoryIntID='DesktopInterfaceForWBProxyStubFactory'
		$end 'Marshall'
	$end 'DesktopBackgroundObjStubBlock'
$end 'ConnectionParameters'
